
Microsoft Visual Studio Solution File, Format Version 12.00
# Visual Studio Version 16
VisualStudioVersion = 16.0.30709.132
MinimumVisualStudioVersion = 10.0.40219.1
Project("{9A19103F-16F7-4668-BE54-9A1E7A4F7556}") = "DomainEntities", "DomainEntities\DomainEntities.csproj", "{340CF039-2824-4629-9A08-E21FC1C7C5C5}"
EndProject
Project("{9A19103F-16F7-4668-BE54-9A1E7A4F7556}") = "ClientLogic", "ClientLogic\ClientLogic.csproj", "{0D0E9A80-10EE-495F-87AF-D9635C312FCE}"
EndProject
Project("{9A19103F-16F7-4668-BE54-9A1E7A4F7556}") = "Data", "Data\Data.csproj", "{60633F5A-7816-4E65-A041-59406A2E9E23}"
EndProject
Project("{2150E333-8FDC-42A3-9474-1A3956D46DE8}") = "ApplicationLayer", "ApplicationLayer", "{D8CA89F2-36DA-4789-B4B9-1FBF615AF73E}"
EndProject
Project("{2150E333-8FDC-42A3-9474-1A3956D46DE8}") = "DataLayer", "DataLayer", "{9BCE19BA-9D65-4B31-A08D-A0D3DAE73A1A}"
EndProject
Project("{2150E333-8FDC-42A3-9474-1A3956D46DE8}") = "src", "src", "{E4368697-7703-4B60-8A9C-42B83BA8E6C3}"
EndProject
Project("{2150E333-8FDC-42A3-9474-1A3956D46DE8}") = "tests", "tests", "{AE5FA94E-CB98-4CCC-8032-ED6C83427212}"
EndProject
Project("{9A19103F-16F7-4668-BE54-9A1E7A4F7556}") = "ClientLogicTests", "ClientLogicTests\ClientLogicTests.csproj", "{057DD0F4-0127-418F-91FD-105D6C2138D8}"
EndProject
Project("{2150E333-8FDC-42A3-9474-1A3956D46DE8}") = "UserInterfaceLayer", "UserInterfaceLayer", "{D8A39F4D-CD9F-4F40-BC59-2B383CBB2985}"
EndProject
Project("{9A19103F-16F7-4668-BE54-9A1E7A4F7556}") = "Server", "Server\Server.csproj", "{BE54F0C6-9365-472E-BE4E-1D015957E61F}"
EndProject
Project("{9A19103F-16F7-4668-BE54-9A1E7A4F7556}") = "ThesisProject", "ThesisProject\ThesisProject.csproj", "{E200B3AC-4627-4B38-A908-1B2843DB2253}"
EndProject
Global
	GlobalSection(SolutionConfigurationPlatforms) = preSolution
		Debug|Any CPU = Debug|Any CPU
		Debug|ARM = Debug|ARM
		Debug|ARM64 = Debug|ARM64
		Debug|x64 = Debug|x64
		Debug|x86 = Debug|x86
		Release|Any CPU = Release|Any CPU
		Release|ARM = Release|ARM
		Release|ARM64 = Release|ARM64
		Release|x64 = Release|x64
		Release|x86 = Release|x86
	EndGlobalSection
	GlobalSection(ProjectConfigurationPlatforms) = postSolution
		{340CF039-2824-4629-9A08-E21FC1C7C5C5}.Debug|Any CPU.ActiveCfg = Debug|Any CPU
		{340CF039-2824-4629-9A08-E21FC1C7C5C5}.Debug|Any CPU.Build.0 = Debug|Any CPU
		{340CF039-2824-4629-9A08-E21FC1C7C5C5}.Debug|ARM.ActiveCfg = Debug|Any CPU
		{340CF039-2824-4629-9A08-E21FC1C7C5C5}.Debug|ARM.Build.0 = Debug|Any CPU
		{340CF039-2824-4629-9A08-E21FC1C7C5C5}.Debug|ARM64.ActiveCfg = Debug|Any CPU
		{340CF039-2824-4629-9A08-E21FC1C7C5C5}.Debug|ARM64.Build.0 = Debug|Any CPU
		{340CF039-2824-4629-9A08-E21FC1C7C5C5}.Debug|x64.ActiveCfg = Debug|Any CPU
		{340CF039-2824-4629-9A08-E21FC1C7C5C5}.Debug|x64.Build.0 = Debug|Any CPU
		{340CF039-2824-4629-9A08-E21FC1C7C5C5}.Debug|x86.ActiveCfg = Debug|Any CPU
		{340CF039-2824-4629-9A08-E21FC1C7C5C5}.Debug|x86.Build.0 = Debug|Any CPU
		{340CF039-2824-4629-9A08-E21FC1C7C5C5}.Release|Any CPU.ActiveCfg = Release|Any CPU
		{340CF039-2824-4629-9A08-E21FC1C7C5C5}.Release|Any CPU.Build.0 = Release|Any CPU
		{340CF039-2824-4629-9A08-E21FC1C7C5C5}.Release|ARM.ActiveCfg = Release|Any CPU
		{340CF039-2824-4629-9A08-E21FC1C7C5C5}.Release|ARM.Build.0 = Release|Any CPU
		{340CF039-2824-4629-9A08-E21FC1C7C5C5}.Release|ARM64.ActiveCfg = Release|Any CPU
		{340CF039-2824-4629-9A08-E21FC1C7C5C5}.Release|ARM64.Build.0 = Release|Any CPU
		{340CF039-2824-4629-9A08-E21FC1C7C5C5}.Release|x64.ActiveCfg = Release|Any CPU
		{340CF039-2824-4629-9A08-E21FC1C7C5C5}.Release|x64.Build.0 = Release|Any CPU
		{340CF039-2824-4629-9A08-E21FC1C7C5C5}.Release|x86.ActiveCfg = Release|Any CPU
		{340CF039-2824-4629-9A08-E21FC1C7C5C5}.Release|x86.Build.0 = Release|Any CPU
		{0D0E9A80-10EE-495F-87AF-D9635C312FCE}.Debug|Any CPU.ActiveCfg = Debug|Any CPU
		{0D0E9A80-10EE-495F-87AF-D9635C312FCE}.Debug|Any CPU.Build.0 = Debug|Any CPU
		{0D0E9A80-10EE-495F-87AF-D9635C312FCE}.Debug|ARM.ActiveCfg = Debug|Any CPU
		{0D0E9A80-10EE-495F-87AF-D9635C312FCE}.Debug|ARM.Build.0 = Debug|Any CPU
		{0D0E9A80-10EE-495F-87AF-D9635C312FCE}.Debug|ARM64.ActiveCfg = Debug|Any CPU
		{0D0E9A80-10EE-495F-87AF-D9635C312FCE}.Debug|ARM64.Build.0 = Debug|Any CPU
		{0D0E9A80-10EE-495F-87AF-D9635C312FCE}.Debug|x64.ActiveCfg = Debug|Any CPU
		{0D0E9A80-10EE-495F-87AF-D9635C312FCE}.Debug|x64.Build.0 = Debug|Any CPU
		{0D0E9A80-10EE-495F-87AF-D9635C312FCE}.Debug|x86.ActiveCfg = Debug|Any CPU
		{0D0E9A80-10EE-495F-87AF-D9635C312FCE}.Debug|x86.Build.0 = Debug|Any CPU
		{0D0E9A80-10EE-495F-87AF-D9635C312FCE}.Release|Any CPU.ActiveCfg = Release|Any CPU
		{0D0E9A80-10EE-495F-87AF-D9635C312FCE}.Release|Any CPU.Build.0 = Release|Any CPU
		{0D0E9A80-10EE-495F-87AF-D9635C312FCE}.Release|ARM.ActiveCfg = Release|Any CPU
		{0D0E9A80-10EE-495F-87AF-D9635C312FCE}.Release|ARM.Build.0 = Release|Any CPU
		{0D0E9A80-10EE-495F-87AF-D9635C312FCE}.Release|ARM64.ActiveCfg = Release|Any CPU
		{0D0E9A80-10EE-495F-87AF-D9635C312FCE}.Release|ARM64.Build.0 = Release|Any CPU
		{0D0E9A80-10EE-495F-87AF-D9635C312FCE}.Release|x64.ActiveCfg = Release|Any CPU
		{0D0E9A80-10EE-495F-87AF-D9635C312FCE}.Release|x64.Build.0 = Release|Any CPU
		{0D0E9A80-10EE-495F-87AF-D9635C312FCE}.Release|x86.ActiveCfg = Release|Any CPU
		{0D0E9A80-10EE-495F-87AF-D9635C312FCE}.Release|x86.Build.0 = Release|Any CPU
		{60633F5A-7816-4E65-A041-59406A2E9E23}.Debug|Any CPU.ActiveCfg = Debug|Any CPU
		{60633F5A-7816-4E65-A041-59406A2E9E23}.Debug|Any CPU.Build.0 = Debug|Any CPU
		{60633F5A-7816-4E65-A041-59406A2E9E23}.Debug|ARM.ActiveCfg = Debug|Any CPU
		{60633F5A-7816-4E65-A041-59406A2E9E23}.Debug|ARM.Build.0 = Debug|Any CPU
		{60633F5A-7816-4E65-A041-59406A2E9E23}.Debug|ARM64.ActiveCfg = Debug|Any CPU
		{60633F5A-7816-4E65-A041-59406A2E9E23}.Debug|ARM64.Build.0 = Debug|Any CPU
		{60633F5A-7816-4E65-A041-59406A2E9E23}.Debug|x64.ActiveCfg = Debug|Any CPU
		{60633F5A-7816-4E65-A041-59406A2E9E23}.Debug|x64.Build.0 = Debug|Any CPU
		{60633F5A-7816-4E65-A041-59406A2E9E23}.Debug|x86.ActiveCfg = Debug|Any CPU
		{60633F5A-7816-4E65-A041-59406A2E9E23}.Debug|x86.Build.0 = Debug|Any CPU
		{60633F5A-7816-4E65-A041-59406A2E9E23}.Release|Any CPU.ActiveCfg = Release|Any CPU
		{60633F5A-7816-4E65-A041-59406A2E9E23}.Release|Any CPU.Build.0 = Release|Any CPU
		{60633F5A-7816-4E65-A041-59406A2E9E23}.Release|ARM.ActiveCfg = Release|Any CPU
		{60633F5A-7816-4E65-A041-59406A2E9E23}.Release|ARM.Build.0 = Release|Any CPU
		{60633F5A-7816-4E65-A041-59406A2E9E23}.Release|ARM64.ActiveCfg = Release|Any CPU
		{60633F5A-7816-4E65-A041-59406A2E9E23}.Release|ARM64.Build.0 = Release|Any CPU
		{60633F5A-7816-4E65-A041-59406A2E9E23}.Release|x64.ActiveCfg = Release|Any CPU
		{60633F5A-7816-4E65-A041-59406A2E9E23}.Release|x64.Build.0 = Release|Any CPU
		{60633F5A-7816-4E65-A041-59406A2E9E23}.Release|x86.ActiveCfg = Release|Any CPU
		{60633F5A-7816-4E65-A041-59406A2E9E23}.Release|x86.Build.0 = Release|Any CPU
		{057DD0F4-0127-418F-91FD-105D6C2138D8}.Debug|Any CPU.ActiveCfg = Debug|Any CPU
		{057DD0F4-0127-418F-91FD-105D6C2138D8}.Debug|Any CPU.Build.0 = Debug|Any CPU
		{057DD0F4-0127-418F-91FD-105D6C2138D8}.Debug|ARM.ActiveCfg = Debug|Any CPU
		{057DD0F4-0127-418F-91FD-105D6C2138D8}.Debug|ARM.Build.0 = Debug|Any CPU
		{057DD0F4-0127-418F-91FD-105D6C2138D8}.Debug|ARM64.ActiveCfg = Debug|Any CPU
		{057DD0F4-0127-418F-91FD-105D6C2138D8}.Debug|ARM64.Build.0 = Debug|Any CPU
		{057DD0F4-0127-418F-91FD-105D6C2138D8}.Debug|x64.ActiveCfg = Debug|Any CPU
		{057DD0F4-0127-418F-91FD-105D6C2138D8}.Debug|x64.Build.0 = Debug|Any CPU
		{057DD0F4-0127-418F-91FD-105D6C2138D8}.Debug|x86.ActiveCfg = Debug|Any CPU
		{057DD0F4-0127-418F-91FD-105D6C2138D8}.Debug|x86.Build.0 = Debug|Any CPU
		{057DD0F4-0127-418F-91FD-105D6C2138D8}.Release|Any CPU.ActiveCfg = Release|Any CPU
		{057DD0F4-0127-418F-91FD-105D6C2138D8}.Release|Any CPU.Build.0 = Release|Any CPU
		{057DD0F4-0127-418F-91FD-105D6C2138D8}.Release|ARM.ActiveCfg = Release|Any CPU
		{057DD0F4-0127-418F-91FD-105D6C2138D8}.Release|ARM.Build.0 = Release|Any CPU
		{057DD0F4-0127-418F-91FD-105D6C2138D8}.Release|ARM64.ActiveCfg = Release|Any CPU
		{057DD0F4-0127-418F-91FD-105D6C2138D8}.Release|ARM64.Build.0 = Release|Any CPU
		{057DD0F4-0127-418F-91FD-105D6C2138D8}.Release|x64.ActiveCfg = Release|Any CPU
		{057DD0F4-0127-418F-91FD-105D6C2138D8}.Release|x64.Build.0 = Release|Any CPU
		{057DD0F4-0127-418F-91FD-105D6C2138D8}.Release|x86.ActiveCfg = Release|Any CPU
		{057DD0F4-0127-418F-91FD-105D6C2138D8}.Release|x86.Build.0 = Release|Any CPU
		{BE54F0C6-9365-472E-BE4E-1D015957E61F}.Debug|Any CPU.ActiveCfg = Debug|Any CPU
		{BE54F0C6-9365-472E-BE4E-1D015957E61F}.Debug|Any CPU.Build.0 = Debug|Any CPU
		{BE54F0C6-9365-472E-BE4E-1D015957E61F}.Debug|ARM.ActiveCfg = Debug|Any CPU
		{BE54F0C6-9365-472E-BE4E-1D015957E61F}.Debug|ARM.Build.0 = Debug|Any CPU
		{BE54F0C6-9365-472E-BE4E-1D015957E61F}.Debug|ARM64.ActiveCfg = Debug|Any CPU
		{BE54F0C6-9365-472E-BE4E-1D015957E61F}.Debug|ARM64.Build.0 = Debug|Any CPU
		{BE54F0C6-9365-472E-BE4E-1D015957E61F}.Debug|x64.ActiveCfg = Debug|Any CPU
		{BE54F0C6-9365-472E-BE4E-1D015957E61F}.Debug|x64.Build.0 = Debug|Any CPU
		{BE54F0C6-9365-472E-BE4E-1D015957E61F}.Debug|x86.ActiveCfg = Debug|Any CPU
		{BE54F0C6-9365-472E-BE4E-1D015957E61F}.Debug|x86.Build.0 = Debug|Any CPU
		{BE54F0C6-9365-472E-BE4E-1D015957E61F}.Release|Any CPU.ActiveCfg = Release|Any CPU
		{BE54F0C6-9365-472E-BE4E-1D015957E61F}.Release|Any CPU.Build.0 = Release|Any CPU
		{BE54F0C6-9365-472E-BE4E-1D015957E61F}.Release|ARM.ActiveCfg = Release|Any CPU
		{BE54F0C6-9365-472E-BE4E-1D015957E61F}.Release|ARM.Build.0 = Release|Any CPU
		{BE54F0C6-9365-472E-BE4E-1D015957E61F}.Release|ARM64.ActiveCfg = Release|Any CPU
		{BE54F0C6-9365-472E-BE4E-1D015957E61F}.Release|ARM64.Build.0 = Release|Any CPU
		{BE54F0C6-9365-472E-BE4E-1D015957E61F}.Release|x64.ActiveCfg = Release|Any CPU
		{BE54F0C6-9365-472E-BE4E-1D015957E61F}.Release|x64.Build.0 = Release|Any CPU
		{BE54F0C6-9365-472E-BE4E-1D015957E61F}.Release|x86.ActiveCfg = Release|Any CPU
		{BE54F0C6-9365-472E-BE4E-1D015957E61F}.Release|x86.Build.0 = Release|Any CPU
		{E200B3AC-4627-4B38-A908-1B2843DB2253}.Debug|Any CPU.ActiveCfg = Debug|Any CPU
		{E200B3AC-4627-4B38-A908-1B2843DB2253}.Debug|Any CPU.Build.0 = Debug|Any CPU
		{E200B3AC-4627-4B38-A908-1B2843DB2253}.Debug|ARM.ActiveCfg = Debug|Any CPU
		{E200B3AC-4627-4B38-A908-1B2843DB2253}.Debug|ARM.Build.0 = Debug|Any CPU
		{E200B3AC-4627-4B38-A908-1B2843DB2253}.Debug|ARM64.ActiveCfg = Debug|Any CPU
		{E200B3AC-4627-4B38-A908-1B2843DB2253}.Debug|ARM64.Build.0 = Debug|Any CPU
		{E200B3AC-4627-4B38-A908-1B2843DB2253}.Debug|x64.ActiveCfg = Debug|Any CPU
		{E200B3AC-4627-4B38-A908-1B2843DB2253}.Debug|x64.Build.0 = Debug|Any CPU
		{E200B3AC-4627-4B38-A908-1B2843DB2253}.Debug|x86.ActiveCfg = Debug|Any CPU
		{E200B3AC-4627-4B38-A908-1B2843DB2253}.Debug|x86.Build.0 = Debug|Any CPU
		{E200B3AC-4627-4B38-A908-1B2843DB2253}.Release|Any CPU.ActiveCfg = Release|Any CPU
		{E200B3AC-4627-4B38-A908-1B2843DB2253}.Release|Any CPU.Build.0 = Release|Any CPU
		{E200B3AC-4627-4B38-A908-1B2843DB2253}.Release|ARM.ActiveCfg = Release|Any CPU
		{E200B3AC-4627-4B38-A908-1B2843DB2253}.Release|ARM.Build.0 = Release|Any CPU
		{E200B3AC-4627-4B38-A908-1B2843DB2253}.Release|ARM64.ActiveCfg = Release|Any CPU
		{E200B3AC-4627-4B38-A908-1B2843DB2253}.Release|ARM64.Build.0 = Release|Any CPU
		{E200B3AC-4627-4B38-A908-1B2843DB2253}.Release|x64.ActiveCfg = Release|Any CPU
		{E200B3AC-4627-4B38-A908-1B2843DB2253}.Release|x64.Build.0 = Release|Any CPU
		{E200B3AC-4627-4B38-A908-1B2843DB2253}.Release|x86.ActiveCfg = Release|Any CPU
		{E200B3AC-4627-4B38-A908-1B2843DB2253}.Release|x86.Build.0 = Release|Any CPU
	EndGlobalSection
	GlobalSection(SolutionProperties) = preSolution
		HideSolutionNode = FALSE
	EndGlobalSection
	GlobalSection(NestedProjects) = preSolution
		{340CF039-2824-4629-9A08-E21FC1C7C5C5} = {D8CA89F2-36DA-4789-B4B9-1FBF615AF73E}
		{0D0E9A80-10EE-495F-87AF-D9635C312FCE} = {D8CA89F2-36DA-4789-B4B9-1FBF615AF73E}
		{60633F5A-7816-4E65-A041-59406A2E9E23} = {9BCE19BA-9D65-4B31-A08D-A0D3DAE73A1A}
		{D8CA89F2-36DA-4789-B4B9-1FBF615AF73E} = {E4368697-7703-4B60-8A9C-42B83BA8E6C3}
		{9BCE19BA-9D65-4B31-A08D-A0D3DAE73A1A} = {E4368697-7703-4B60-8A9C-42B83BA8E6C3}
		{057DD0F4-0127-418F-91FD-105D6C2138D8} = {AE5FA94E-CB98-4CCC-8032-ED6C83427212}
		{D8A39F4D-CD9F-4F40-BC59-2B383CBB2985} = {E4368697-7703-4B60-8A9C-42B83BA8E6C3}
		{BE54F0C6-9365-472E-BE4E-1D015957E61F} = {D8CA89F2-36DA-4789-B4B9-1FBF615AF73E}
		{E200B3AC-4627-4B38-A908-1B2843DB2253} = {D8A39F4D-CD9F-4F40-BC59-2B383CBB2985}
	EndGlobalSection
	GlobalSection(ExtensibilityGlobals) = postSolution
		SolutionGuid = {8447999A-418D-415E-A6AD-C90A691EB5D9}
	EndGlobalSection
EndGlobal
